// !$*UTF8*$!
{
	archiveVersion = 1;
	classes = {
	};
	objectVersion = 46;
	objects = {

/* Begin PBXBuildFile section */
		2B99E36FDA468747B481728F /* Pods_MediumApplause.framework in Frameworks */ = {isa = PBXBuildFile; fileRef = 586665D9096AFAC7E9CB6D14 /* Pods_MediumApplause.framework */; };
		BE5192D51F54632300203A64 /* UIView+NibLoadingConfigurableView.swift in Sources */ = {isa = PBXBuildFile; fileRef = BE5192D41F54632300203A64 /* UIView+NibLoadingConfigurableView.swift */; };
		BEAAF1DA1F53545800F1E0B9 /* AppDelegate.swift in Sources */ = {isa = PBXBuildFile; fileRef = BEAAF1D91F53545800F1E0B9 /* AppDelegate.swift */; };
		BEAAF1DC1F53545800F1E0B9 /* ViewController.swift in Sources */ = {isa = PBXBuildFile; fileRef = BEAAF1DB1F53545800F1E0B9 /* ViewController.swift */; };
		BEAAF1DF1F53545800F1E0B9 /* Main.storyboard in Resources */ = {isa = PBXBuildFile; fileRef = BEAAF1DD1F53545800F1E0B9 /* Main.storyboard */; };
		BEAAF1E11F53545800F1E0B9 /* Assets.xcassets in Resources */ = {isa = PBXBuildFile; fileRef = BEAAF1E01F53545800F1E0B9 /* Assets.xcassets */; };
		BEAAF1E41F53545800F1E0B9 /* LaunchScreen.storyboard in Resources */ = {isa = PBXBuildFile; fileRef = BEAAF1E21F53545800F1E0B9 /* LaunchScreen.storyboard */; };
		BEF99E761F546EC500E75488 /* ApplauseViewController.storyboard in Resources */ = {isa = PBXBuildFile; fileRef = BEF99E751F546EC500E75488 /* ApplauseViewController.storyboard */; };
		BEF99E781F546F2600E75488 /* ApplauseViewController.swift in Sources */ = {isa = PBXBuildFile; fileRef = BEF99E771F546F2600E75488 /* ApplauseViewController.swift */; };
/* End PBXBuildFile section */

/* Begin PBXFileReference section */
		16090E35127D5035FF6C5084 /* Pods-MediumApplause.release.xcconfig */ = {isa = PBXFileReference; includeInIndex = 1; lastKnownFileType = text.xcconfig; name = "Pods-MediumApplause.release.xcconfig"; path = "Pods/Target Support Files/Pods-MediumApplause/Pods-MediumApplause.release.xcconfig"; sourceTree = "<group>"; };
		586665D9096AFAC7E9CB6D14 /* Pods_MediumApplause.framework */ = {isa = PBXFileReference; explicitFileType = wrapper.framework; includeInIndex = 0; path = Pods_MediumApplause.framework; sourceTree = BUILT_PRODUCTS_DIR; };
		B2FCA90B6E5ED87FAFB43F2F /* Pods-MediumApplause.debug.xcconfig */ = {isa = PBXFileReference; includeInIndex = 1; lastKnownFileType = text.xcconfig; name = "Pods-MediumApplause.debug.xcconfig"; path = "Pods/Target Support Files/Pods-MediumApplause/Pods-MediumApplause.debug.xcconfig"; sourceTree = "<group>"; };
		BE5192D41F54632300203A64 /* UIView+NibLoadingConfigurableView.swift */ = {isa = PBXFileReference; fileEncoding = 4; lastKnownFileType = sourcecode.swift; path = "UIView+NibLoadingConfigurableView.swift"; sourceTree = "<group>"; };
		BEAAF1D61F53545800F1E0B9 /* MediumApplause.app */ = {isa = PBXFileReference; explicitFileType = wrapper.application; includeInIndex = 0; path = MediumApplause.app; sourceTree = BUILT_PRODUCTS_DIR; };
		BEAAF1D91F53545800F1E0B9 /* AppDelegate.swift */ = {isa = PBXFileReference; lastKnownFileType = sourcecode.swift; path = AppDelegate.swift; sourceTree = "<group>"; };
		BEAAF1DB1F53545800F1E0B9 /* ViewController.swift */ = {isa = PBXFileReference; lastKnownFileType = sourcecode.swift; path = ViewController.swift; sourceTree = "<group>"; };
		BEAAF1DE1F53545800F1E0B9 /* Base */ = {isa = PBXFileReference; lastKnownFileType = file.storyboard; name = Base; path = Base.lproj/Main.storyboard; sourceTree = "<group>"; };
		BEAAF1E01F53545800F1E0B9 /* Assets.xcassets */ = {isa = PBXFileReference; lastKnownFileType = folder.assetcatalog; path = Assets.xcassets; sourceTree = "<group>"; };
		BEAAF1E31F53545800F1E0B9 /* Base */ = {isa = PBXFileReference; lastKnownFileType = file.storyboard; name = Base; path = Base.lproj/LaunchScreen.storyboard; sourceTree = "<group>"; };
		BEAAF1E51F53545800F1E0B9 /* Info.plist */ = {isa = PBXFileReference; lastKnownFileType = text.plist.xml; path = Info.plist; sourceTree = "<group>"; };
		BEF99E751F546EC500E75488 /* ApplauseViewController.storyboard */ = {isa = PBXFileReference; fileEncoding = 4; lastKnownFileType = file.storyboard; path = ApplauseViewController.storyboard; sourceTree = "<group>"; };
		BEF99E771F546F2600E75488 /* ApplauseViewController.swift */ = {isa = PBXFileReference; fileEncoding = 4; lastKnownFileType = sourcecode.swift; path = ApplauseViewController.swift; sourceTree = "<group>"; };
/* End PBXFileReference section */

/* Begin PBXFrameworksBuildPhase section */
		BEAAF1D31F53545800F1E0B9 /* Frameworks */ = {
			isa = PBXFrameworksBuildPhase;
			buildActionMask = 2147483647;
			files = (
				2B99E36FDA468747B481728F /* Pods_MediumApplause.framework in Frameworks */,
			);
			runOnlyForDeploymentPostprocessing = 0;
		};
/* End PBXFrameworksBuildPhase section */

/* Begin PBXGroup section */
		A2831555268624C0308F0753 /* Frameworks */ = {
			isa = PBXGroup;
			children = (
				586665D9096AFAC7E9CB6D14 /* Pods_MediumApplause.framework */,
			);
			name = Frameworks;
			sourceTree = "<group>";
		};
		BEAAF1CD1F53545800F1E0B9 = {
			isa = PBXGroup;
			children = (
				BEAAF1D81F53545800F1E0B9 /* MediumApplause */,
				BEAAF1D71F53545800F1E0B9 /* Products */,
				DCE975B8A7A7D931595D2718 /* Pods */,
				A2831555268624C0308F0753 /* Frameworks */,
			);
			sourceTree = "<group>";
		};
		BEAAF1D71F53545800F1E0B9 /* Products */ = {
			isa = PBXGroup;
			children = (
				BEAAF1D61F53545800F1E0B9 /* MediumApplause.app */,
			);
			name = Products;
			sourceTree = "<group>";
		};
		BEAAF1D81F53545800F1E0B9 /* MediumApplause */ = {
			isa = PBXGroup;
			children = (
				BEAAF1D91F53545800F1E0B9 /* AppDelegate.swift */,
				BEAAF1DB1F53545800F1E0B9 /* ViewController.swift */,
				BEAAF1DD1F53545800F1E0B9 /* Main.storyboard */,
				BEAAF1E01F53545800F1E0B9 /* Assets.xcassets */,
				BEAAF1E21F53545800F1E0B9 /* LaunchScreen.storyboard */,
				BEAAF1E51F53545800F1E0B9 /* Info.plist */,
				BE5192D41F54632300203A64 /* UIView+NibLoadingConfigurableView.swift */,
				BEF99E751F546EC500E75488 /* ApplauseViewController.storyboard */,
				BEF99E771F546F2600E75488 /* ApplauseViewController.swift */,
			);
			path = MediumApplause;
			sourceTree = "<group>";
		};
		DCE975B8A7A7D931595D2718 /* Pods */ = {
			isa = PBXGroup;
			children = (
				B2FCA90B6E5ED87FAFB43F2F /* Pods-MediumApplause.debug.xcconfig */,
				16090E35127D5035FF6C5084 /* Pods-MediumApplause.release.xcconfig */,
			);
			name = Pods;
			sourceTree = "<group>";
		};
/* End PBXGroup section */

/* Begin PBXNativeTarget section */
		BEAAF1D51F53545800F1E0B9 /* MediumApplause */ = {
			isa = PBXNativeTarget;
			buildConfigurationList = BEAAF1E81F53545800F1E0B9 /* Build configuration list for PBXNativeTarget "MediumApplause" */;
			buildPhases = (
				43C63FBF22CED2EDBB56FF5D /* [CP] Check Pods Manifest.lock */,
				BEAAF1D21F53545800F1E0B9 /* Sources */,
				BEAAF1D31F53545800F1E0B9 /* Frameworks */,
				BEAAF1D41F53545800F1E0B9 /* Resources */,
				768000FE4E9D975F052A1117 /* [CP] Embed Pods Frameworks */,
				E7AF53A236403018B2993110 /* [CP] Copy Pods Resources */,
			);
			buildRules = (
			);
			dependencies = (
			);
			name = MediumApplause;
			productName = MediumApplause;
			productReference = BEAAF1D61F53545800F1E0B9 /* MediumApplause.app */;
			productType = "com.apple.product-type.application";
		};
/* End PBXNativeTarget section */

/* Begin PBXProject section */
		BEAAF1CE1F53545800F1E0B9 /* Project object */ = {
			isa = PBXProject;
			attributes = {
				LastSwiftUpdateCheck = 0830;
				LastUpgradeCheck = 0830;
				ORGANIZATIONNAME = "Ken Boucher";
				TargetAttributes = {
					BEAAF1D51F53545800F1E0B9 = {
						CreatedOnToolsVersion = 8.3.2;
						ProvisioningStyle = Automatic;
					};
				};
			};
			buildConfigurationList = BEAAF1D11F53545800F1E0B9 /* Build configuration list for PBXProject "MediumApplause" */;
			compatibilityVersion = "Xcode 3.2";
			developmentRegion = English;
			hasScannedForEncodings = 0;
			knownRegions = (
				en,
				Base,
			);
			mainGroup = BEAAF1CD1F53545800F1E0B9;
			productRefGroup = BEAAF1D71F53545800F1E0B9 /* Products */;
			projectDirPath = "";
			projectRoot = "";
			targets = (
				BEAAF1D51F53545800F1E0B9 /* MediumApplause */,
			);
		};
/* End PBXProject section */

/* Begin PBXResourcesBuildPhase section */
		BEAAF1D41F53545800F1E0B9 /* Resources */ = {
			isa = PBXResourcesBuildPhase;
			buildActionMask = 2147483647;
			files = (
				BEAAF1E41F53545800F1E0B9 /* LaunchScreen.storyboard in Resources */,
				BEAAF1E11F53545800F1E0B9 /* Assets.xcassets in Resources */,
				BEF99E761F546EC500E75488 /* ApplauseViewController.storyboard in Resources */,
				BEAAF1DF1F53545800F1E0B9 /* Main.storyboard in Resources */,
			);
			runOnlyForDeploymentPostprocessing = 0;
		};
/* End PBXResourcesBuildPhase section */

/* Begin PBXShellScriptBuildPhase section */
		43C63FBF22CED2EDBB56FF5D /* [CP] Check Pods Manifest.lock */ = {
			isa = PBXShellScriptBuildPhase;
			buildActionMask = 2147483647;
			files = (
			);
			inputPaths = (
			);
			name = "[CP] Check Pods Manifest.lock";
			outputPaths = (
			);
			runOnlyForDeploymentPostprocessing = 0;
			shellPath = /bin/sh;
			shellScript = "diff \"${PODS_ROOT}/../Podfile.lock\" \"${PODS_ROOT}/Manifest.lock\" > /dev/null\nif [ $? != 0 ] ; then\n    # print error to STDERR\n    echo \"error: The sandbox is not in sync with the Podfile.lock. Run 'pod install' or update your CocoaPods installation.\" >&2\n    exit 1\nfi\n";
			showEnvVarsInLog = 0;
		};
		768000FE4E9D975F052A1117 /* [CP] Embed Pods Frameworks */ = {
			isa = PBXShellScriptBuildPhase;
			buildActionMask = 2147483647;
			files = (
			);
			inputPaths = (
			);
			name = "[CP] Embed Pods Frameworks";
			outputPaths = (
			);
			runOnlyForDeploymentPostprocessing = 0;
			shellPath = /bin/sh;
			shellScript = "\"${SRCROOT}/Pods/Target Support Files/Pods-MediumApplause/Pods-MediumApplause-frameworks.sh\"\n";
			showEnvVarsInLog = 0;
		};
		E7AF53A236403018B2993110 /* [CP] Copy Pods Resources */ = {
			isa = PBXShellScriptBuildPhase;
			buildActionMask = 2147483647;
			files = (
			);
			inputPaths = (
			);
			name = "[CP] Copy Pods Resources";
			outputPaths = (
			);
			runOnlyForDeploymentPostprocessing = 0;
			shellPath = /bin/sh;
			shellScript = "\"${SRCROOT}/Pods/Target Support Files/Pods-MediumApplause/Pods-MediumApplause-resources.sh\"\n";
			showEnvVarsInLog = 0;
		};
/* End PBXShellScriptBuildPhase section */

/* Begin PBXSourcesBuildPhase section */
		BEAAF1D21F53545800F1E0B9 /* Sources */ = {
			isa = PBXSourcesBuildPhase;
			buildActionMask = 2147483647;
			files = (
				BEAAF1DC1F53545800F1E0B9 /* ViewController.swift in Sources */,
				BEF99E781F546F2600E75488 /* ApplauseViewController.swift in Sources */,
				BE5192D51F54632300203A64 /* UIView+NibLoadingConfigurableView.swift in Sources */,
				BEAAF1DA1F53545800F1E0B9 /* AppDelegate.swift in Sources */,
			);
			runOnlyForDeploymentPostprocessing = 0;
		};
/* End PBXSourcesBuildPhase section */

/* Begin PBXVariantGroup section */
		BEAAF1DD1F53545800F1E0B9 /* Main.storyboard */ = {
			isa = PBXVariantGroup;
			children = (
				BEAAF1DE1F53545800F1E0B9 /* Base */,
			);
			name = Main.storyboard;
			sourceTree = "<group>";
		};
		BEAAF1E21F53545800F1E0B9 /* LaunchScreen.storyboard */ = {
			isa = PBXVariantGroup;
			children = (
				BEAAF1E31F53545800F1E0B9 /* Base */,
			);
			name = LaunchScreen.storyboard;
			sourceTree = "<group>";
		};
/* End PBXVariantGroup section */

/* Begin XCBuildConfiguration section */
		BEAAF1E61F53545800F1E0B9 /* Debug */ = {
			isa = XCBuildConfiguration;
			buildSettings = {
				ALWAYS_SEARCH_USER_PATHS = NO;
				CLANG_ANALYZER_NONNULL = YES;
				CLANG_ANALYZER_NUMBER_OBJECT_CONVERSION = YES_AGGRESSIVE;
				CLANG_CXX_LANGUAGE_STANDARD = "gnu++0x";
				CLANG_CXX_LIBRARY = "libc++";
				CLANG_ENABLE_MODULES = YES;
				CLANG_ENABLE_OBJC_ARC = YES;
				CLANG_WARN_BOOL_CONVERSION = YES;
				CLANG_WARN_CONSTANT_CONVERSION = YES;
				CLANG_WARN_DIRECT_OBJC_ISA_USAGE = YES_ERROR;
				CLANG_WARN_DOCUMENTATION_COMMENTS = YES;
				CLANG_WARN_EMPTY_BODY = YES;
				CLANG_WARN_ENUM_CONVERSION = YES;
				CLANG_WARN_INFINITE_RECURSION = YES;
				CLANG_WARN_INT_CONVERSION = YES;
				CLANG_WARN_OBJC_ROOT_CLASS = YES_ERROR;
				CLANG_WARN_SUSPICIOUS_MOVE = YES;
				CLANG_WARN_UNREACHABLE_CODE = YES;
				CLANG_WARN__DUPLICATE_METHOD_MATCH = YES;
				"CODE_SIGN_IDENTITY[sdk=iphoneos*]" = "iPhone Developer";
				COPY_PHASE_STRIP = NO;
				DEBUG_INFORMATION_FORMAT = dwarf;
				ENABLE_STRICT_OBJC_MSGSEND = YES;
				ENABLE_TESTABILITY = YES;
				GCC_C_LANGUAGE_STANDARD = gnu99;
				GCC_DYNAMIC_NO_PIC = NO;
				GCC_NO_COMMON_BLOCKS = YES;
				GCC_OPTIMIZATION_LEVEL = 0;
				GCC_PREPROCESSOR_DEFINITIONS = (
					"DEBUG=1",
					"$(inherited)",
				);
				GCC_WARN_64_TO_32_BIT_CONVERSION = YES;
				GCC_WARN_ABOUT_RETURN_TYPE = YES_ERROR;
				GCC_WARN_UNDECLARED_SELECTOR = YES;
				GCC_WARN_UNINITIALIZED_AUTOS = YES_AGGRESSIVE;
				GCC_WARN_UNUSED_FUNCTION = YES;
				GCC_WARN_UNUSED_VARIABLE = YES;
				IPHONEOS_DEPLOYMENT_TARGET = 10.3;
				MTL_ENABLE_DEBUG_INFO = YES;
				ONLY_ACTIVE_ARCH = YES;
				SDKROOT = iphoneos;
				SWIFT_ACTIVE_COMPILATION_CONDITIONS = DEBUG;
				SWIFT_OPTIMIZATION_LEVEL = "-Onone";
			};
			name = Debug;
		};
		BEAAF1E71F53545800F1E0B9 /* Release */ = {
			isa = XCBuildConfiguration;
			buildSettings = {
				ALWAYS_SEARCH_USER_PATHS = NO;
				CLANG_ANALYZER_NONNULL = YES;
				CLANG_ANALYZER_NUMBER_OBJECT_CONVERSION = YES_AGGRESSIVE;
				CLANG_CXX_LANGUAGE_STANDARD = "gnu++0x";
				CLANG_CXX_LIBRARY = "libc++";
				CLANG_ENABLE_MODULES = YES;
				CLANG_ENABLE_OBJC_ARC = YES;
				CLANG_WARN_BOOL_CONVERSION = YES;
				CLANG_WARN_CONSTANT_CONVERSION = YES;
				CLANG_WARN_DIRECT_OBJC_ISA_USAGE = YES_ERROR;
				CLANG_WARN_DOCUMENTATION_COMMENTS = YES;
				CLANG_WARN_EMPTY_BODY = YES;
				CLANG_WARN_ENUM_CONVERSION = YES;
				CLANG_WARN_INFINITE_RECURSION = YES;
				CLANG_WARN_INT_CONVERSION = YES;
				CLANG_WARN_OBJC_ROOT_CLASS = YES_ERROR;
				CLANG_WARN_SUSPICIOUS_MOVE = YES;
				CLANG_WARN_UNREACHABLE_CODE = YES;
				CLANG_WARN__DUPLICATE_METHOD_MATCH = YES;
				"CODE_SIGN_IDENTITY[sdk=iphoneos*]" = "iPhone Developer";
				COPY_PHASE_STRIP = NO;
				DEBUG_INFORMATION_FORMAT = "dwarf-with-dsym";
				ENABLE_NS_ASSERTIONS = NO;
				ENABLE_STRICT_OBJC_MSGSEND = YES;
				GCC_C_LANGUAGE_STANDARD = gnu99;
				GCC_NO_COMMON_BLOCKS = YES;
				GCC_WARN_64_TO_32_BIT_CONVERSION = YES;
				GCC_WARN_ABOUT_RETURN_TYPE = YES_ERROR;
				GCC_WARN_UNDECLARED_SELECTOR = YES;
				GCC_WARN_UNINITIALIZED_AUTOS = YES_AGGRESSIVE;
				GCC_WARN_UNUSED_FUNCTION = YES;
				GCC_WARN_UNUSED_VARIABLE = YES;
				IPHONEOS_DEPLOYMENT_TARGET = 10.3;
				MTL_ENABLE_DEBUG_INFO = NO;
				SDKROOT = iphoneos;
				SWIFT_OPTIMIZATION_LEVEL = "-Owholemodule";
				VALIDATE_PRODUCT = YES;
			};
			name = Release;
		};
		BEAAF1E91F53545800F1E0B9 /* Debug */ = {
			isa = XCBuildConfiguration;
			baseConfigurationReference = B2FCA90B6E5ED87FAFB43F2F /* Pods-MediumApplause.debug.xcconfig */;
			buildSettings = {
				ASSETCATALOG_COMPILER_APPICON_NAME = AppIcon;
				INFOPLIST_FILE = MediumApplause/Info.plist;
				LD_RUNPATH_SEARCH_PATHS = "$(inherited) @executable_path/Frameworks";
				PRODUCT_BUNDLE_IDENTIFIER = com.kensfrequency.MediumApplause;
				PRODUCT_NAME = "$(TARGET_NAME)";
				SWIFT_VERSION = 3.0;
			};
			name = Debug;
		};
		BEAAF1EA1F53545800F1E0B9 /* Release */ = {
			isa = XCBuildConfiguration;
			baseConfigurationReference = 16090E35127D5035FF6C5084 /* Pods-MediumApplause.release.xcconfig */;
			buildSettings = {
				ASSETCATALOG_COMPILER_APPICON_NAME = AppIcon;
				INFOPLIST_FILE = MediumApplause/Info.plist;
				LD_RUNPATH_SEARCH_PATHS = "$(inherited) @executable_path/Frameworks";
				PRODUCT_BUNDLE_IDENTIFIER = com.kensfrequency.MediumApplause;
				PRODUCT_NAME = "$(TARGET_NAME)";
				SWIFT_VERSION = 3.0;
			};
			name = Release;
		};
/* End XCBuildConfiguration section */

/* Begin XCConfigurationList section */
		BEAAF1D11F53545800F1E0B9 /* Build configuration list for PBXProject "MediumApplause" */ = {
			isa = XCConfigurationList;
			buildConfigurations = (
				BEAAF1E61F53545800F1E0B9 /* Debug */,
				BEAAF1E71F53545800F1E0B9 /* Release */,
			);
			defaultConfigurationIsVisible = 0;
			defaultConfigurationName = Release;
		};
		BEAAF1E81F53545800F1E0B9 /* Build configuration list for PBXNativeTarget "MediumApplause" */ = {
			isa = XCConfigurationList;
			buildConfigurations = (
				BEAAF1E91F53545800F1E0B9 /* Debug */,
				BEAAF1EA1F53545800F1E0B9 /* Release */,
			);
			defaultConfigurationIsVisible = 0;
			defaultConfigurationName = Release;
		};
/* End XCConfigurationList section */
	};
	rootObject = BEAAF1CE1F53545800F1E0B9 /* Project object */;
}
